PODS:
  - SDWebImage (5.8.0):
    - SDWebImage/Core (= 5.8.0)
  - SDWebImage/Core (5.8.0)

DEPENDENCIES:
  - SDWebImage

SPEC REPOS:
  trunk:
    - SDWebImage

SPEC CHECKSUMS:
  SDWebImage: 84000f962cbfa70c07f19d2234cbfcf5d779b5dc

PODFILE CHECKSUM: ed0cb8e9095c273155ebd45f6a49331abd2d337b

COCOAPODS: 1.9.1
